{
  "name": "test-app",
  "version": "0.0.0",
  "dependencies": {
    "angular2": {
      "version": "2.0.0-beta.11",
      "from": "angular2@2.0.0-beta.11",
      "resolved": "https://registry.npmjs.org/angular2/-/angular2-2.0.0-beta.11.tgz"
    },
    "es6-promise": {
      "version": "3.1.2",
      "from": "es6-promise@>=3.0.2 <4.0.0",
      "resolved": "https://registry.npmjs.org/es6-promise/-/es6-promise-3.1.2.tgz"
    },
    "es6-shim": {
      "version": "0.35.0",
      "from": "es6-shim@>=0.35.0 <0.36.0",
      "resolved": "https://registry.npmjs.org/es6-shim/-/es6-shim-0.35.0.tgz"
    },
    "reflect-metadata": {
      "version": "0.1.2",
      "from": "reflect-metadata@0.1.2",
      "resolved": "https://registry.npmjs.org/reflect-metadata/-/reflect-metadata-0.1.2.tgz"
    },
    "rxjs": {
      "version": "5.0.0-beta.2",
      "from": "rxjs@5.0.0-beta.2",
      "resolved": "https://registry.npmjs.org/rxjs/-/rxjs-5.0.0-beta.2.tgz"
    },
    "semantic-ui-css": {
      "version": "2.1.8",
      "from": "semantic-ui-css@>=2.1.8 <3.0.0",
      "resolved": "https://registry.npmjs.org/semantic-ui-css/-/semantic-ui-css-2.1.8.tgz",
      "dependencies": {
        "jquery": {
          "version": "2.2.2",
          "from": "jquery@*",
          "resolved": "https://registry.npmjs.org/jquery/-/jquery-2.2.2.tgz"
        }
      }
    },
    "systemjs": {
      "version": "0.19.20",
      "from": "systemjs@0.19.20",
      "resolved": "https://registry.npmjs.org/systemjs/-/systemjs-0.19.20.tgz",
      "dependencies": {
        "es6-module-loader": {
          "version": "0.17.11",
          "from": "es6-module-loader@>=0.17.10 <0.18.0",
          "resolved": "https://registry.npmjs.org/es6-module-loader/-/es6-module-loader-0.17.11.tgz"
        },
        "when": {
          "version": "3.7.7",
          "from": "when@>=3.7.5 <4.0.0",
          "resolved": "https://registry.npmjs.org/when/-/when-3.7.7.tgz"
        }
      }
    },
    "zone.js": {
      "version": "0.6.6",
      "from": "zone.js@>=0.6.4 <0.7.0",
      "resolved": "https://registry.npmjs.org/zone.js/-/zone.js-0.6.6.tgz"
    }
  }
}
